
Microsoft Visual Studio Solution File, Format Version 12.00
# Visual Studio Version 16
VisualStudioVersion = 16.0.33423.256
MinimumVisualStudioVersion = 10.0.40219.1
Project("{9A19103F-16F7-4668-BE54-9A1E7A4F7556}") = "GeniyIdiotConsoleApp", "GeniyIdiotConsoleApp\GeniyIdiotConsoleApp.csproj", "{FEE438D8-5E60-40F1-B895-2BC08F6C5761}"
EndProject
Global
	GlobalSection(SolutionConfigurationPlatforms) = preSolution
		Debug|Any CPU = Debug|Any CPU
		Release|Any CPU = Release|Any CPU
	EndGlobalSection
	GlobalSection(ProjectConfigurationPlatforms) = postSolution
		{FEE438D8-5E60-40F1-B895-2BC08F6C5761}.Debug|Any CPU.ActiveCfg = Debug|Any CPU
		{FEE438D8-5E60-40F1-B895-2BC08F6C5761}.Debug|Any CPU.Build.0 = Debug|Any CPU
		{FEE438D8-5E60-40F1-B895-2BC08F6C5761}.Release|Any CPU.ActiveCfg = Release|Any CPU
		{FEE438D8-5E60-40F1-B895-2BC08F6C5761}.Release|Any CPU.Build.0 = Release|Any CPU
	EndGlobalSection
	GlobalSection(SolutionProperties) = preSolution
		HideSolutionNode = FALSE
	EndGlobalSection
	GlobalSection(ExtensibilityGlobals) = postSolution
		SolutionGuid = {530FFB23-872B-4A46-BF2B-BCEDE41CC8BB}
	EndGlobalSection
EndGlobal
